
Microsoft Visual Studio Solution File, Format Version 12.00
# Visual Studio Version 17
VisualStudioVersion = 17.5.33516.290
MinimumVisualStudioVersion = 10.0.40219.1
Project("{FAE04EC0-301F-11D3-BF4B-00C04F79EFBC}") = "MusicPlayer", "MusicPlayer\MusicPlayer.csproj", "{4D4424A6-075E-4A6F-89C5-2C9A504AF89B}"
EndProject
Global
	GlobalSection(SolutionConfigurationPlatforms) = preSolution
		Debug|Any CPU = Debug|Any CPU
		Release|Any CPU = Release|Any CPU
	EndGlobalSection
	GlobalSection(ProjectConfigurationPlatforms) = postSolution
		{4D4424A6-075E-4A6F-89C5-2C9A504AF89B}.Debug|Any CPU.ActiveCfg = Debug|Any CPU
		{4D4424A6-075E-4A6F-89C5-2C9A504AF89B}.Debug|Any CPU.Build.0 = Debug|Any CPU
		{4D4424A6-075E-4A6F-89C5-2C9A504AF89B}.Release|Any CPU.ActiveCfg = Release|Any CPU
		{4D4424A6-075E-4A6F-89C5-2C9A504AF89B}.Release|Any CPU.Build.0 = Release|Any CPU
	EndGlobalSection
	GlobalSection(SolutionProperties) = preSolution
		HideSolutionNode = FALSE
	EndGlobalSection
	GlobalSection(ExtensibilityGlobals) = postSolution
		SolutionGuid = {C6C2659B-E8D2-4F81-847F-819FD534E57A}
	EndGlobalSection
EndGlobal
